
Microsoft Visual Studio Solution File, Format Version 11.00
# Visual Studio 2010
Project("{FAE04EC0-301F-11D3-BF4B-00C04F79EFBC}") = "UltiCalc", "UltiCalc\UltiCalc.csproj", "{77E95174-72EE-4CC8-9B56-68973AABAA4C}"
EndProject
Global
	GlobalSection(SolutionConfigurationPlatforms) = preSolution
		Debug|iPhoneSimulator = Debug|iPhoneSimulator
		Release|iPhoneSimulator = Release|iPhoneSimulator
		Debug|iPhone = Debug|iPhone
		Release|iPhone = Release|iPhone
		Ad-Hoc|iPhone = Ad-Hoc|iPhone
		AppStore|iPhone = AppStore|iPhone
	EndGlobalSection
	GlobalSection(ProjectConfigurationPlatforms) = postSolution
		{77E95174-72EE-4CC8-9B56-68973AABAA4C}.Ad-Hoc|iPhone.ActiveCfg = Ad-Hoc|iPhone
		{77E95174-72EE-4CC8-9B56-68973AABAA4C}.Ad-Hoc|iPhone.Build.0 = Ad-Hoc|iPhone
		{77E95174-72EE-4CC8-9B56-68973AABAA4C}.AppStore|iPhone.ActiveCfg = AppStore|iPhone
		{77E95174-72EE-4CC8-9B56-68973AABAA4C}.AppStore|iPhone.Build.0 = AppStore|iPhone
		{77E95174-72EE-4CC8-9B56-68973AABAA4C}.Debug|iPhone.ActiveCfg = Debug|iPhone
		{77E95174-72EE-4CC8-9B56-68973AABAA4C}.Debug|iPhone.Build.0 = Debug|iPhone
		{77E95174-72EE-4CC8-9B56-68973AABAA4C}.Debug|iPhoneSimulator.ActiveCfg = Debug|iPhoneSimulator
		{77E95174-72EE-4CC8-9B56-68973AABAA4C}.Debug|iPhoneSimulator.Build.0 = Debug|iPhoneSimulator
		{77E95174-72EE-4CC8-9B56-68973AABAA4C}.Release|iPhone.ActiveCfg = Release|iPhone
		{77E95174-72EE-4CC8-9B56-68973AABAA4C}.Release|iPhone.Build.0 = Release|iPhone
		{77E95174-72EE-4CC8-9B56-68973AABAA4C}.Release|iPhoneSimulator.ActiveCfg = Release|iPhoneSimulator
		{77E95174-72EE-4CC8-9B56-68973AABAA4C}.Release|iPhoneSimulator.Build.0 = Release|iPhoneSimulator
	EndGlobalSection
	GlobalSection(MonoDevelopProperties) = preSolution
		StartupItem = UltiCalc\UltiCalc.csproj
	EndGlobalSection
EndGlobal
